// !$*UTF8*$!
{
	archiveVersion = 1;
	classes = {
	};
	objectVersion = 46;
	objects = {

/* Begin PBXBuildFile section */
		610E59641A365D9100CF60FD /* LaunchScreen.xib in Resources */ = {isa = PBXBuildFile; fileRef = 610E59631A365D9100CF60FD /* LaunchScreen.xib */; };
		610E59671A36676E00CF60FD /* HypnosisViewController.m in Sources */ = {isa = PBXBuildFile; fileRef = 610E59661A36676E00CF60FD /* HypnosisViewController.m */; };
		610E596A1A36677700CF60FD /* ReminderController.m in Sources */ = {isa = PBXBuildFile; fileRef = 610E59691A36677700CF60FD /* ReminderController.m */; };
		610E596C1A366A5700CF60FD /* ReminderView.xib in Resources */ = {isa = PBXBuildFile; fileRef = 610E596B1A366A5700CF60FD /* ReminderView.xib */; };
		615204601A36374C000A191C /* main.m in Sources */ = {isa = PBXBuildFile; fileRef = 6152045F1A36374C000A191C /* main.m */; };
		615204631A36374C000A191C /* AppDelegate.m in Sources */ = {isa = PBXBuildFile; fileRef = 615204621A36374C000A191C /* AppDelegate.m */; };
		6152046B1A36374C000A191C /* Images.xcassets in Resources */ = {isa = PBXBuildFile; fileRef = 6152046A1A36374C000A191C /* Images.xcassets */; };
		6152047A1A36374C000A191C /* HypnosisterTests.m in Sources */ = {isa = PBXBuildFile; fileRef = 615204791A36374C000A191C /* HypnosisterTests.m */; };
		615204851A363797000A191C /* HypnosisView.m in Sources */ = {isa = PBXBuildFile; fileRef = 615204841A363797000A191C /* HypnosisView.m */; };
/* End PBXBuildFile section */

/* Begin PBXContainerItemProxy section */
		615204741A36374C000A191C /* PBXContainerItemProxy */ = {
			isa = PBXContainerItemProxy;
			containerPortal = 615204521A36374C000A191C /* Project object */;
			proxyType = 1;
			remoteGlobalIDString = 615204591A36374C000A191C;
			remoteInfo = Hypnosister;
		};
/* End PBXContainerItemProxy section */

/* Begin PBXFileReference section */
		610E59631A365D9100CF60FD /* LaunchScreen.xib */ = {isa = PBXFileReference; fileEncoding = 4; lastKnownFileType = file.xib; path = LaunchScreen.xib; sourceTree = "<group>"; };
		610E59651A36676E00CF60FD /* HypnosisViewController.h */ = {isa = PBXFileReference; fileEncoding = 4; lastKnownFileType = sourcecode.c.h; path = HypnosisViewController.h; sourceTree = "<group>"; };
		610E59661A36676E00CF60FD /* HypnosisViewController.m */ = {isa = PBXFileReference; fileEncoding = 4; lastKnownFileType = sourcecode.c.objc; path = HypnosisViewController.m; sourceTree = "<group>"; };
		610E59681A36677700CF60FD /* ReminderController.h */ = {isa = PBXFileReference; fileEncoding = 4; lastKnownFileType = sourcecode.c.h; path = ReminderController.h; sourceTree = "<group>"; };
		610E59691A36677700CF60FD /* ReminderController.m */ = {isa = PBXFileReference; fileEncoding = 4; lastKnownFileType = sourcecode.c.objc; path = ReminderController.m; sourceTree = "<group>"; };
		610E596B1A366A5700CF60FD /* ReminderView.xib */ = {isa = PBXFileReference; fileEncoding = 4; lastKnownFileType = file.xib; path = ReminderView.xib; sourceTree = "<group>"; };
		6152045A1A36374C000A191C /* Hypnosister.app */ = {isa = PBXFileReference; explicitFileType = wrapper.application; includeInIndex = 0; path = Hypnosister.app; sourceTree = BUILT_PRODUCTS_DIR; };
		6152045E1A36374C000A191C /* Info.plist */ = {isa = PBXFileReference; lastKnownFileType = text.plist.xml; path = Info.plist; sourceTree = "<group>"; };
		6152045F1A36374C000A191C /* main.m */ = {isa = PBXFileReference; lastKnownFileType = sourcecode.c.objc; path = main.m; sourceTree = "<group>"; };
		615204611A36374C000A191C /* AppDelegate.h */ = {isa = PBXFileReference; lastKnownFileType = sourcecode.c.h; path = AppDelegate.h; sourceTree = "<group>"; };
		615204621A36374C000A191C /* AppDelegate.m */ = {isa = PBXFileReference; lastKnownFileType = sourcecode.c.objc; path = AppDelegate.m; sourceTree = "<group>"; };
		6152046A1A36374C000A191C /* Images.xcassets */ = {isa = PBXFileReference; lastKnownFileType = folder.assetcatalog; path = Images.xcassets; sourceTree = "<group>"; };
		615204731A36374C000A191C /* HypnosisterTests.xctest */ = {isa = PBXFileReference; explicitFileType = wrapper.cfbundle; includeInIndex = 0; path = HypnosisterTests.xctest; sourceTree = BUILT_PRODUCTS_DIR; };
		615204781A36374C000A191C /* Info.plist */ = {isa = PBXFileReference; lastKnownFileType = text.plist.xml; path = Info.plist; sourceTree = "<group>"; };
		615204791A36374C000A191C /* HypnosisterTests.m */ = {isa = PBXFileReference; lastKnownFileType = sourcecode.c.objc; path = HypnosisterTests.m; sourceTree = "<group>"; };
		615204831A363797000A191C /* HypnosisView.h */ = {isa = PBXFileReference; fileEncoding = 4; lastKnownFileType = sourcecode.c.h; path = HypnosisView.h; sourceTree = "<group>"; };
		615204841A363797000A191C /* HypnosisView.m */ = {isa = PBXFileReference; fileEncoding = 4; lastKnownFileType = sourcecode.c.objc; path = HypnosisView.m; sourceTree = "<group>"; };
/* End PBXFileReference section */

/* Begin PBXFrameworksBuildPhase section */
		615204571A36374C000A191C /* Frameworks */ = {
			isa = PBXFrameworksBuildPhase;
			buildActionMask = 2147483647;
			files = (
			);
			runOnlyForDeploymentPostprocessing = 0;
		};
		615204701A36374C000A191C /* Frameworks */ = {
			isa = PBXFrameworksBuildPhase;
			buildActionMask = 2147483647;
			files = (
			);
			runOnlyForDeploymentPostprocessing = 0;
		};
/* End PBXFrameworksBuildPhase section */

/* Begin PBXGroup section */
		615204511A36374C000A191C = {
			isa = PBXGroup;
			children = (
				610E596B1A366A5700CF60FD /* ReminderView.xib */,
				610E59651A36676E00CF60FD /* HypnosisViewController.h */,
				610E59661A36676E00CF60FD /* HypnosisViewController.m */,
				610E59681A36677700CF60FD /* ReminderController.h */,
				610E59691A36677700CF60FD /* ReminderController.m */,
				610E59631A365D9100CF60FD /* LaunchScreen.xib */,
				6152045C1A36374C000A191C /* Hypnosister */,
				615204761A36374C000A191C /* HypnosisterTests */,
				6152045B1A36374C000A191C /* Products */,
			);
			sourceTree = "<group>";
		};
		6152045B1A36374C000A191C /* Products */ = {
			isa = PBXGroup;
			children = (
				6152045A1A36374C000A191C /* Hypnosister.app */,
				615204731A36374C000A191C /* HypnosisterTests.xctest */,
			);
			name = Products;
			sourceTree = "<group>";
		};
		6152045C1A36374C000A191C /* Hypnosister */ = {
			isa = PBXGroup;
			children = (
				615204611A36374C000A191C /* AppDelegate.h */,
				615204621A36374C000A191C /* AppDelegate.m */,
				615204831A363797000A191C /* HypnosisView.h */,
				615204841A363797000A191C /* HypnosisView.m */,
				6152046A1A36374C000A191C /* Images.xcassets */,
				6152045D1A36374C000A191C /* Supporting Files */,
			);
			path = Hypnosister;
			sourceTree = "<group>";
		};
		6152045D1A36374C000A191C /* Supporting Files */ = {
			isa = PBXGroup;
			children = (
				6152045E1A36374C000A191C /* Info.plist */,
				6152045F1A36374C000A191C /* main.m */,
			);
			name = "Supporting Files";
			sourceTree = "<group>";
		};
		615204761A36374C000A191C /* HypnosisterTests */ = {
			isa = PBXGroup;
			children = (
				615204791A36374C000A191C /* HypnosisterTests.m */,
				615204771A36374C000A191C /* Supporting Files */,
			);
			path = HypnosisterTests;
			sourceTree = "<group>";
		};
		615204771A36374C000A191C /* Supporting Files */ = {
			isa = PBXGroup;
			children = (
				615204781A36374C000A191C /* Info.plist */,
			);
			name = "Supporting Files";
			sourceTree = "<group>";
		};
/* End PBXGroup section */

/* Begin PBXNativeTarget section */
		615204591A36374C000A191C /* Hypnosister */ = {
			isa = PBXNativeTarget;
			buildConfigurationList = 6152047D1A36374C000A191C /* Build configuration list for PBXNativeTarget "Hypnosister" */;
			buildPhases = (
				615204561A36374C000A191C /* Sources */,
				615204571A36374C000A191C /* Frameworks */,
				615204581A36374C000A191C /* Resources */,
			);
			buildRules = (
			);
			dependencies = (
			);
			name = Hypnosister;
			productName = Hypnosister;
			productReference = 6152045A1A36374C000A191C /* Hypnosister.app */;
			productType = "com.apple.product-type.application";
		};
		615204721A36374C000A191C /* HypnosisterTests */ = {
			isa = PBXNativeTarget;
			buildConfigurationList = 615204801A36374C000A191C /* Build configuration list for PBXNativeTarget "HypnosisterTests" */;
			buildPhases = (
				6152046F1A36374C000A191C /* Sources */,
				615204701A36374C000A191C /* Frameworks */,
				615204711A36374C000A191C /* Resources */,
			);
			buildRules = (
			);
			dependencies = (
				615204751A36374C000A191C /* PBXTargetDependency */,
			);
			name = HypnosisterTests;
			productName = HypnosisterTests;
			productReference = 615204731A36374C000A191C /* HypnosisterTests.xctest */;
			productType = "com.apple.product-type.bundle.unit-test";
		};
/* End PBXNativeTarget section */

/* Begin PBXProject section */
		615204521A36374C000A191C /* Project object */ = {
			isa = PBXProject;
			attributes = {
				LastUpgradeCheck = 0610;
				ORGANIZATIONNAME = "Jack Danger";
				TargetAttributes = {
					615204591A36374C000A191C = {
						CreatedOnToolsVersion = 6.1.1;
					};
					615204721A36374C000A191C = {
						CreatedOnToolsVersion = 6.1.1;
						TestTargetID = 615204591A36374C000A191C;
					};
				};
			};
			buildConfigurationList = 615204551A36374C000A191C /* Build configuration list for PBXProject "Hypnosister" */;
			compatibilityVersion = "Xcode 3.2";
			developmentRegion = English;
			hasScannedForEncodings = 0;
			knownRegions = (
				en,
				Base,
			);
			mainGroup = 615204511A36374C000A191C;
			productRefGroup = 6152045B1A36374C000A191C /* Products */;
			projectDirPath = "";
			projectRoot = "";
			targets = (
				615204591A36374C000A191C /* Hypnosister */,
				615204721A36374C000A191C /* HypnosisterTests */,
			);
		};
/* End PBXProject section */

/* Begin PBXResourcesBuildPhase section */
		615204581A36374C000A191C /* Resources */ = {
			isa = PBXResourcesBuildPhase;
			buildActionMask = 2147483647;
			files = (
				610E59641A365D9100CF60FD /* LaunchScreen.xib in Resources */,
				610E596C1A366A5700CF60FD /* ReminderView.xib in Resources */,
				6152046B1A36374C000A191C /* Images.xcassets in Resources */,
			);
			runOnlyForDeploymentPostprocessing = 0;
		};
		615204711A36374C000A191C /* Resources */ = {
			isa = PBXResourcesBuildPhase;
			buildActionMask = 2147483647;
			files = (
			);
			runOnlyForDeploymentPostprocessing = 0;
		};
/* End PBXResourcesBuildPhase section */

/* Begin PBXSourcesBuildPhase section */
		615204561A36374C000A191C /* Sources */ = {
			isa = PBXSourcesBuildPhase;
			buildActionMask = 2147483647;
			files = (
				615204631A36374C000A191C /* AppDelegate.m in Sources */,
				615204601A36374C000A191C /* main.m in Sources */,
				615204851A363797000A191C /* HypnosisView.m in Sources */,
				610E59671A36676E00CF60FD /* HypnosisViewController.m in Sources */,
				610E596A1A36677700CF60FD /* ReminderController.m in Sources */,
			);
			runOnlyForDeploymentPostprocessing = 0;
		};
		6152046F1A36374C000A191C /* Sources */ = {
			isa = PBXSourcesBuildPhase;
			buildActionMask = 2147483647;
			files = (
				6152047A1A36374C000A191C /* HypnosisterTests.m in Sources */,
			);
			runOnlyForDeploymentPostprocessing = 0;
		};
/* End PBXSourcesBuildPhase section */

/* Begin PBXTargetDependency section */
		615204751A36374C000A191C /* PBXTargetDependency */ = {
			isa = PBXTargetDependency;
			target = 615204591A36374C000A191C /* Hypnosister */;
			targetProxy = 615204741A36374C000A191C /* PBXContainerItemProxy */;
		};
/* End PBXTargetDependency section */

/* Begin XCBuildConfiguration section */
		6152047B1A36374C000A191C /* Debug */ = {
			isa = XCBuildConfiguration;
			buildSettings = {
				ALWAYS_SEARCH_USER_PATHS = NO;
				CLANG_CXX_LANGUAGE_STANDARD = "gnu++0x";
				CLANG_CXX_LIBRARY = "libc++";
				CLANG_ENABLE_MODULES = YES;
				CLANG_ENABLE_OBJC_ARC = YES;
				CLANG_WARN_BOOL_CONVERSION = YES;
				CLANG_WARN_CONSTANT_CONVERSION = YES;
				CLANG_WARN_DIRECT_OBJC_ISA_USAGE = YES_ERROR;
				CLANG_WARN_EMPTY_BODY = YES;
				CLANG_WARN_ENUM_CONVERSION = YES;
				CLANG_WARN_INT_CONVERSION = YES;
				CLANG_WARN_OBJC_ROOT_CLASS = YES_ERROR;
				CLANG_WARN_UNREACHABLE_CODE = YES;
				CLANG_WARN__DUPLICATE_METHOD_MATCH = YES;
				"CODE_SIGN_IDENTITY[sdk=iphoneos*]" = "iPhone Developer";
				COPY_PHASE_STRIP = NO;
				ENABLE_STRICT_OBJC_MSGSEND = YES;
				GCC_C_LANGUAGE_STANDARD = gnu99;
				GCC_DYNAMIC_NO_PIC = NO;
				GCC_OPTIMIZATION_LEVEL = 0;
				GCC_PREPROCESSOR_DEFINITIONS = (
					"DEBUG=1",
					"$(inherited)",
				);
				GCC_SYMBOLS_PRIVATE_EXTERN = NO;
				GCC_WARN_64_TO_32_BIT_CONVERSION = YES;
				GCC_WARN_ABOUT_RETURN_TYPE = YES_ERROR;
				GCC_WARN_UNDECLARED_SELECTOR = YES;
				GCC_WARN_UNINITIALIZED_AUTOS = YES_AGGRESSIVE;
				GCC_WARN_UNUSED_FUNCTION = YES;
				GCC_WARN_UNUSED_VARIABLE = YES;
				IPHONEOS_DEPLOYMENT_TARGET = 8.1;
				MTL_ENABLE_DEBUG_INFO = YES;
				ONLY_ACTIVE_ARCH = YES;
				SDKROOT = iphoneos;
			};
			name = Debug;
		};
		6152047C1A36374C000A191C /* Release */ = {
			isa = XCBuildConfiguration;
			buildSettings = {
				ALWAYS_SEARCH_USER_PATHS = NO;
				CLANG_CXX_LANGUAGE_STANDARD = "gnu++0x";
				CLANG_CXX_LIBRARY = "libc++";
				CLANG_ENABLE_MODULES = YES;
				CLANG_ENABLE_OBJC_ARC = YES;
				CLANG_WARN_BOOL_CONVERSION = YES;
				CLANG_WARN_CONSTANT_CONVERSION = YES;
				CLANG_WARN_DIRECT_OBJC_ISA_USAGE = YES_ERROR;
				CLANG_WARN_EMPTY_BODY = YES;
				CLANG_WARN_ENUM_CONVERSION = YES;
				CLANG_WARN_INT_CONVERSION = YES;
				CLANG_WARN_OBJC_ROOT_CLASS = YES_ERROR;
				CLANG_WARN_UNREACHABLE_CODE = YES;
				CLANG_WARN__DUPLICATE_METHOD_MATCH = YES;
				"CODE_SIGN_IDENTITY[sdk=iphoneos*]" = "iPhone Developer";
				COPY_PHASE_STRIP = YES;
				ENABLE_NS_ASSERTIONS = NO;
				ENABLE_STRICT_OBJC_MSGSEND = YES;
				GCC_C_LANGUAGE_STANDARD = gnu99;
				GCC_WARN_64_TO_32_BIT_CONVERSION = YES;
				GCC_WARN_ABOUT_RETURN_TYPE = YES_ERROR;
				GCC_WARN_UNDECLARED_SELECTOR = YES;
				GCC_WARN_UNINITIALIZED_AUTOS = YES_AGGRESSIVE;
				GCC_WARN_UNUSED_FUNCTION = YES;
				GCC_WARN_UNUSED_VARIABLE = YES;
				IPHONEOS_DEPLOYMENT_TARGET = 8.1;
				MTL_ENABLE_DEBUG_INFO = NO;
				SDKROOT = iphoneos;
				VALIDATE_PRODUCT = YES;
			};
			name = Release;
		};
		6152047E1A36374C000A191C /* Debug */ = {
			isa = XCBuildConfiguration;
			buildSettings = {
				ASSETCATALOG_COMPILER_APPICON_NAME = AppIcon;
				INFOPLIST_FILE = Hypnosister/Info.plist;
				LD_RUNPATH_SEARCH_PATHS = "$(inherited) @executable_path/Frameworks";
				PRODUCT_NAME = "$(TARGET_NAME)";
			};
			name = Debug;
		};
		6152047F1A36374C000A191C /* Release */ = {
			isa = XCBuildConfiguration;
			buildSettings = {
				ASSETCATALOG_COMPILER_APPICON_NAME = AppIcon;
				INFOPLIST_FILE = Hypnosister/Info.plist;
				LD_RUNPATH_SEARCH_PATHS = "$(inherited) @executable_path/Frameworks";
				PRODUCT_NAME = "$(TARGET_NAME)";
			};
			name = Release;
		};
		615204811A36374C000A191C /* Debug */ = {
			isa = XCBuildConfiguration;
			buildSettings = {
				BUNDLE_LOADER = "$(TEST_HOST)";
				FRAMEWORK_SEARCH_PATHS = (
					"$(SDKROOT)/Developer/Library/Frameworks",
					"$(inherited)",
				);
				GCC_PREPROCESSOR_DEFINITIONS = (
					"DEBUG=1",
					"$(inherited)",
				);
				INFOPLIST_FILE = HypnosisterTests/Info.plist;
				LD_RUNPATH_SEARCH_PATHS = "$(inherited) @executable_path/Frameworks @loader_path/Frameworks";
				PRODUCT_NAME = "$(TARGET_NAME)";
				TEST_HOST = "$(BUILT_PRODUCTS_DIR)/Hypnosister.app/Hypnosister";
			};
			name = Debug;
		};
		615204821A36374C000A191C /* Release */ = {
			isa = XCBuildConfiguration;
			buildSettings = {
				BUNDLE_LOADER = "$(TEST_HOST)";
				FRAMEWORK_SEARCH_PATHS = (
					"$(SDKROOT)/Developer/Library/Frameworks",
					"$(inherited)",
				);
				INFOPLIST_FILE = HypnosisterTests/Info.plist;
				LD_RUNPATH_SEARCH_PATHS = "$(inherited) @executable_path/Frameworks @loader_path/Frameworks";
				PRODUCT_NAME = "$(TARGET_NAME)";
				TEST_HOST = "$(BUILT_PRODUCTS_DIR)/Hypnosister.app/Hypnosister";
			};
			name = Release;
		};
/* End XCBuildConfiguration section */

/* Begin XCConfigurationList section */
		615204551A36374C000A191C /* Build configuration list for PBXProject "Hypnosister" */ = {
			isa = XCConfigurationList;
			buildConfigurations = (
				6152047B1A36374C000A191C /* Debug */,
				6152047C1A36374C000A191C /* Release */,
			);
			defaultConfigurationIsVisible = 0;
			defaultConfigurationName = Release;
		};
		6152047D1A36374C000A191C /* Build configuration list for PBXNativeTarget "Hypnosister" */ = {
			isa = XCConfigurationList;
			buildConfigurations = (
				6152047E1A36374C000A191C /* Debug */,
				6152047F1A36374C000A191C /* Release */,
			);
			defaultConfigurationIsVisible = 0;
			defaultConfigurationName = Release;
		};
		615204801A36374C000A191C /* Build configuration list for PBXNativeTarget "HypnosisterTests" */ = {
			isa = XCConfigurationList;
			buildConfigurations = (
				615204811A36374C000A191C /* Debug */,
				615204821A36374C000A191C /* Release */,
			);
			defaultConfigurationIsVisible = 0;
			defaultConfigurationName = Release;
		};
/* End XCConfigurationList section */
	};
	rootObject = 615204521A36374C000A191C /* Project object */;
}
